{
  "name": "server_node",
  "version": "1.0.0",
  "lockfileVersion": 2,
  "requires": true,
  "packages": {
    "": {
      "name": "server_node",
      "version": "1.0.0",
      "license": "ISC",
      "dependencies": {
        "ws": "^8.21.0"
      }
    },
    "node_modules/bufferutil": {
      "version": "4.0.4",
      "resolved": "https://registry.npmjs.org/bufferutil/-/bufferutil-4.0.4.tgz",
      "integrity": "sha512-VNxjXUCrF3LvbLgwfkTb5LsFvk6pGIn7OBb9x+3o+iJ6mKw0JTUp4chBFc88hi1aspeZGeZG9jAIbpFYPQSLZw==",
      "hasInstallScript": true,
      "optional": true,
      "peer": true,
      "dependencies": {
        "node-gyp-build": "^4.2.0"
      },
      "engines": {
        "node": ">=6.14.2"
      }
    },
    "node_modules/node-gyp-build": {
      "version": "4.3.0",
      "resolved": "https://registry.npmjs.org/node-gyp-build/-/node-gyp-build-4.3.0.tgz",
      "integrity": "sha512-iWjXZvmboq0ja1pUGULQBexmxq8CV4xBhX7VDOTbL7ZR4FOowwY/VOtRxBN/yKxmdGoIp4j5ysNT4u3S2pDQ3Q==",
      "optional": true,
      "peer": true,
      "bin": {
        "node-gyp-build": "bin.js",
        "node-gyp-build-optional": "optional.js",
        "node-gyp-build-test": "build-test.js"
      }
    },
    "node_modules/utf-8-validate": {
      "version": "5.0.6",
      "resolved": "https://registry.npmjs.org/utf-8-validate/-/utf-8-validate-5.0.6.tgz",
      "integrity": "sha512-hoY0gOf9EkCw+nimK21FVKHUIG1BMqSiRwxB/q3A9yKZOrOI99PP77BxmarDqWz6rG3vVYiBWfhG8z2Tl+7fZA==",
      "hasInstallScript": true,
      "optional": true,
      "peer": true,
      "dependencies": {
        "node-gyp-build": "^4.2.0"
      },
      "engines": {
        "node": ">=6.14.2"
      }
    },
    "node_modules/ws": {
      "version": "8.21.0",
      "resolved": "https://registry.npmjs.org/ws/-/ws-8.21.0.tgz",
      "integrity": "sha512-Vsp28b7DRcimFQvrqu2Wek3z1iYxDCWqHYB8Qsnk/S4RfaCQzPGPyBNuVjJV3cd6UiKtUtp6sNM77gWvzcCH+g==",
      "license": "MIT",
      "engines": {
        "node": ">=10.0.0"
      },
      "peerDependencies": {
        "bufferutil": "^4.0.1",
        "utf-8-validate": ">=5.0.2"
      },
      "peerDependenciesMeta": {
        "bufferutil": {
          "optional": true
        },
        "utf-8-validate": {
          "optional": true
        }
      }
    }
  },
  "dependencies": {
    "bufferutil": {
      "version": "4.0.4",
      "resolved": "https://registry.npmjs.org/bufferutil/-/bufferutil-4.0.4.tgz",
      "integrity": "sha512-VNxjXUCrF3LvbLgwfkTb5LsFvk6pGIn7OBb9x+3o+iJ6mKw0JTUp4chBFc88hi1aspeZGeZG9jAIbpFYPQSLZw==",
      "optional": true,
      "peer": true,
      "requires": {
        "node-gyp-build": "^4.2.0"
      }
    },
    "node-gyp-build": {
      "version": "4.3.0",
      "resolved": "https://registry.npmjs.org/node-gyp-build/-/node-gyp-build-4.3.0.tgz",
      "integrity": "sha512-iWjXZvmboq0ja1pUGULQBexmxq8CV4xBhX7VDOTbL7ZR4FOowwY/VOtRxBN/yKxmdGoIp4j5ysNT4u3S2pDQ3Q==",
      "optional": true,
      "peer": true
    },
    "utf-8-validate": {
      "version": "5.0.6",
      "resolved": "https://registry.npmjs.org/utf-8-validate/-/utf-8-validate-5.0.6.tgz",
      "integrity": "sha512-hoY0gOf9EkCw+nimK21FVKHUIG1BMqSiRwxB/q3A9yKZOrOI99PP77BxmarDqWz6rG3vVYiBWfhG8z2Tl+7fZA==",
      "optional": true,
      "peer": true,
      "requires": {
        "node-gyp-build": "^4.2.0"
      }
    },
    "ws": {
      "version": "8.21.0",
      "resolved": "https://registry.npmjs.org/ws/-/ws-8.21.0.tgz",
      "integrity": "sha512-Vsp28b7DRcimFQvrqu2Wek3z1iYxDCWqHYB8Qsnk/S4RfaCQzPGPyBNuVjJV3cd6UiKtUtp6sNM77gWvzcCH+g==",
      "requires": {}
    }
  }
}
